
Microsoft Visual Studio Solution File, Format Version 12.00
# Visual Studio Version 17
VisualStudioVersion = 17.13.35825.156 d17.13
MinimumVisualStudioVersion = 10.0.40219.1
Project("{FAE04EC0-301F-11D3-BF4B-00C04F79EFBC}") = "Utopia.Domain", "Utopia.Domain\Utopia.Domain.csproj", "{4291DEFD-B83B-4262-ACC2-863C4FE3FA3D}"
EndProject
Project("{FAE04EC0-301F-11D3-BF4B-00C04F79EFBC}") = "Utopia.Razor", "Utopia.Razor\Utopia.Razor.csproj", "{078F8FFC-54A2-468F-B8EE-51CC0F53CF97}"
EndProject
Global
	GlobalSection(SolutionConfigurationPlatforms) = preSolution
		Debug|Any CPU = Debug|Any CPU
		Release|Any CPU = Release|Any CPU
	EndGlobalSection
	GlobalSection(ProjectConfigurationPlatforms) = postSolution
		{4291DEFD-B83B-4262-ACC2-863C4FE3FA3D}.Debug|Any CPU.ActiveCfg = Debug|Any CPU
		{4291DEFD-B83B-4262-ACC2-863C4FE3FA3D}.Debug|Any CPU.Build.0 = Debug|Any CPU
		{4291DEFD-B83B-4262-ACC2-863C4FE3FA3D}.Release|Any CPU.ActiveCfg = Release|Any CPU
		{4291DEFD-B83B-4262-ACC2-863C4FE3FA3D}.Release|Any CPU.Build.0 = Release|Any CPU
		{078F8FFC-54A2-468F-B8EE-51CC0F53CF97}.Debug|Any CPU.ActiveCfg = Debug|Any CPU
		{078F8FFC-54A2-468F-B8EE-51CC0F53CF97}.Debug|Any CPU.Build.0 = Debug|Any CPU
		{078F8FFC-54A2-468F-B8EE-51CC0F53CF97}.Release|Any CPU.ActiveCfg = Release|Any CPU
		{078F8FFC-54A2-468F-B8EE-51CC0F53CF97}.Release|Any CPU.Build.0 = Release|Any CPU
	EndGlobalSection
	GlobalSection(SolutionProperties) = preSolution
		HideSolutionNode = FALSE
	EndGlobalSection
	GlobalSection(ExtensibilityGlobals) = postSolution
		SolutionGuid = {53B33EFD-0CB7-435B-92F7-0D99448CE3BE}
	EndGlobalSection
EndGlobal
